
Microsoft Visual Studio Solution File, Format Version 12.00
# Visual Studio Version 16
VisualStudioVersion = 16.0.34114.132
MinimumVisualStudioVersion = 10.0.40219.1
Project("{8BC9CEB8-8B4A-11D0-8D11-00A0C91BC942}") = "Data_Structure", "Data_Structure\Data_Structure.vcxproj", "{E1C6843D-B478-4929-BDBE-8501C58295C7}"
EndProject
Project("{8BC9CEB8-8B4A-11D0-8D11-00A0C91BC942}") = "List", "List\List.vcxproj", "{B9A0DB27-C7B1-4E10-BA09-9D8A7D77D4E9}"
EndProject
Project("{8BC9CEB8-8B4A-11D0-8D11-00A0C91BC942}") = "Stack", "Stack\Stack.vcxproj", "{08E35DDE-4A91-4A29-A84A-C2899637E211}"
EndProject
Project("{8BC9CEB8-8B4A-11D0-8D11-00A0C91BC942}") = "Queue", "Queue\Queue.vcxproj", "{185B0794-6AED-4665-B14E-96C54B4DD3C8}"
EndProject
Project("{8BC9CEB8-8B4A-11D0-8D11-00A0C91BC942}") = "Recursion", "Recursion\Recursion.vcxproj", "{C488E87A-42A7-43C1-8884-06D1D8EC5417}"
EndProject
Global
	GlobalSection(SolutionConfigurationPlatforms) = preSolution
		Debug|x64 = Debug|x64
		Debug|x86 = Debug|x86
		Release|x64 = Release|x64
		Release|x86 = Release|x86
	EndGlobalSection
	GlobalSection(ProjectConfigurationPlatforms) = postSolution
		{E1C6843D-B478-4929-BDBE-8501C58295C7}.Debug|x64.ActiveCfg = Debug|x64
		{E1C6843D-B478-4929-BDBE-8501C58295C7}.Debug|x64.Build.0 = Debug|x64
		{E1C6843D-B478-4929-BDBE-8501C58295C7}.Debug|x86.ActiveCfg = Debug|Win32
		{E1C6843D-B478-4929-BDBE-8501C58295C7}.Debug|x86.Build.0 = Debug|Win32
		{E1C6843D-B478-4929-BDBE-8501C58295C7}.Release|x64.ActiveCfg = Release|x64
		{E1C6843D-B478-4929-BDBE-8501C58295C7}.Release|x64.Build.0 = Release|x64
		{E1C6843D-B478-4929-BDBE-8501C58295C7}.Release|x86.ActiveCfg = Release|Win32
		{E1C6843D-B478-4929-BDBE-8501C58295C7}.Release|x86.Build.0 = Release|Win32
		{B9A0DB27-C7B1-4E10-BA09-9D8A7D77D4E9}.Debug|x64.ActiveCfg = Debug|x64
		{B9A0DB27-C7B1-4E10-BA09-9D8A7D77D4E9}.Debug|x64.Build.0 = Debug|x64
		{B9A0DB27-C7B1-4E10-BA09-9D8A7D77D4E9}.Debug|x86.ActiveCfg = Debug|Win32
		{B9A0DB27-C7B1-4E10-BA09-9D8A7D77D4E9}.Debug|x86.Build.0 = Debug|Win32
		{B9A0DB27-C7B1-4E10-BA09-9D8A7D77D4E9}.Release|x64.ActiveCfg = Release|x64
		{B9A0DB27-C7B1-4E10-BA09-9D8A7D77D4E9}.Release|x64.Build.0 = Release|x64
		{B9A0DB27-C7B1-4E10-BA09-9D8A7D77D4E9}.Release|x86.ActiveCfg = Release|Win32
		{B9A0DB27-C7B1-4E10-BA09-9D8A7D77D4E9}.Release|x86.Build.0 = Release|Win32
		{08E35DDE-4A91-4A29-A84A-C2899637E211}.Debug|x64.ActiveCfg = Debug|x64
		{08E35DDE-4A91-4A29-A84A-C2899637E211}.Debug|x64.Build.0 = Debug|x64
		{08E35DDE-4A91-4A29-A84A-C2899637E211}.Debug|x86.ActiveCfg = Debug|Win32
		{08E35DDE-4A91-4A29-A84A-C2899637E211}.Debug|x86.Build.0 = Debug|Win32
		{08E35DDE-4A91-4A29-A84A-C2899637E211}.Release|x64.ActiveCfg = Release|x64
		{08E35DDE-4A91-4A29-A84A-C2899637E211}.Release|x64.Build.0 = Release|x64
		{08E35DDE-4A91-4A29-A84A-C2899637E211}.Release|x86.ActiveCfg = Release|Win32
		{08E35DDE-4A91-4A29-A84A-C2899637E211}.Release|x86.Build.0 = Release|Win32
		{185B0794-6AED-4665-B14E-96C54B4DD3C8}.Debug|x64.ActiveCfg = Debug|x64
		{185B0794-6AED-4665-B14E-96C54B4DD3C8}.Debug|x64.Build.0 = Debug|x64
		{185B0794-6AED-4665-B14E-96C54B4DD3C8}.Debug|x86.ActiveCfg = Debug|Win32
		{185B0794-6AED-4665-B14E-96C54B4DD3C8}.Debug|x86.Build.0 = Debug|Win32
		{185B0794-6AED-4665-B14E-96C54B4DD3C8}.Release|x64.ActiveCfg = Release|x64
		{185B0794-6AED-4665-B14E-96C54B4DD3C8}.Release|x64.Build.0 = Release|x64
		{185B0794-6AED-4665-B14E-96C54B4DD3C8}.Release|x86.ActiveCfg = Release|Win32
		{185B0794-6AED-4665-B14E-96C54B4DD3C8}.Release|x86.Build.0 = Release|Win32
		{C488E87A-42A7-43C1-8884-06D1D8EC5417}.Debug|x64.ActiveCfg = Debug|x64
		{C488E87A-42A7-43C1-8884-06D1D8EC5417}.Debug|x64.Build.0 = Debug|x64
		{C488E87A-42A7-43C1-8884-06D1D8EC5417}.Debug|x86.ActiveCfg = Debug|Win32
		{C488E87A-42A7-43C1-8884-06D1D8EC5417}.Debug|x86.Build.0 = Debug|Win32
		{C488E87A-42A7-43C1-8884-06D1D8EC5417}.Release|x64.ActiveCfg = Release|x64
		{C488E87A-42A7-43C1-8884-06D1D8EC5417}.Release|x64.Build.0 = Release|x64
		{C488E87A-42A7-43C1-8884-06D1D8EC5417}.Release|x86.ActiveCfg = Release|Win32
		{C488E87A-42A7-43C1-8884-06D1D8EC5417}.Release|x86.Build.0 = Release|Win32
	EndGlobalSection
	GlobalSection(SolutionProperties) = preSolution
		HideSolutionNode = FALSE
	EndGlobalSection
	GlobalSection(ExtensibilityGlobals) = postSolution
		SolutionGuid = {BAE82B21-CEB7-4123-A192-85C9D7DBA1FC}
	EndGlobalSection
EndGlobal
